
Microsoft Visual Studio Solution File, Format Version 12.00
# Visual Studio Version 16
VisualStudioVersion = 16.0.32228.343
MinimumVisualStudioVersion = 10.0.40219.1
Project("{2150E333-8FDC-42A3-9474-1A3956D46DE8}") = "Chapter02", "Chapter02", "{A50546E9-5A5A-42C2-93A1-3F44D74D34C0}"
EndProject
Project("{FAE04EC0-301F-11D3-BF4B-00C04F79EFBC}") = "DistanceConverter", "Chapter02\DistanceConverter\DistanceConverter.csproj", "{A0814FD9-D890-4F2B-8FF6-4B0AAE357F37}"
EndProject
Project("{FAE04EC0-301F-11D3-BF4B-00C04F79EFBC}") = "SalesCalculator", "Chapter02\SalesCalculator\SalesCalculator.csproj", "{8855DEA2-D563-487B-A421-20E61ED38905}"
EndProject
Project("{FAE04EC0-301F-11D3-BF4B-00C04F79EFBC}") = "Exercise", "Chapter02\Exercise\Exercise.csproj", "{AC36B097-D74A-438D-A520-BC43CFCD85CC}"
EndProject
Project("{FAE04EC0-301F-11D3-BF4B-00C04F79EFBC}") = "Exercise02", "Chapter02\Exercise02\Exercise02.csproj", "{CEA4E04C-CB83-4374-801D-E8DF3FDD72BA}"
EndProject
Project("{FAE04EC0-301F-11D3-BF4B-00C04F79EFBC}") = "Exercise03", "Chapter02\Exercise03\Exercise03.csproj", "{C0060E8C-2D16-4D4E-8252-DAD6AD34C426}"
EndProject
Project("{2150E333-8FDC-42A3-9474-1A3956D46DE8}") = "Chapter03", "Chapter03", "{C8574EB0-666D-4073-8886-BAE91DDEC9C9}"
EndProject
Project("{FAE04EC0-301F-11D3-BF4B-00C04F79EFBC}") = "Section01", "Chapter03\Section01\Section01.csproj", "{FBFF15AB-87A3-4B3E-A525-05A6D284EB8A}"
EndProject
Project("{FAE04EC0-301F-11D3-BF4B-00C04F79EFBC}") = "Exercise01", "Chapter03\Exercise01\Exercise01.csproj", "{4B546BF8-5AC0-4E66-B147-739B1CB1F408}"
EndProject
Global
	GlobalSection(SolutionConfigurationPlatforms) = preSolution
		Debug|Any CPU = Debug|Any CPU
		Release|Any CPU = Release|Any CPU
	EndGlobalSection
	GlobalSection(ProjectConfigurationPlatforms) = postSolution
		{A0814FD9-D890-4F2B-8FF6-4B0AAE357F37}.Debug|Any CPU.ActiveCfg = Debug|Any CPU
		{A0814FD9-D890-4F2B-8FF6-4B0AAE357F37}.Debug|Any CPU.Build.0 = Debug|Any CPU
		{A0814FD9-D890-4F2B-8FF6-4B0AAE357F37}.Release|Any CPU.ActiveCfg = Release|Any CPU
		{A0814FD9-D890-4F2B-8FF6-4B0AAE357F37}.Release|Any CPU.Build.0 = Release|Any CPU
		{8855DEA2-D563-487B-A421-20E61ED38905}.Debug|Any CPU.ActiveCfg = Debug|Any CPU
		{8855DEA2-D563-487B-A421-20E61ED38905}.Debug|Any CPU.Build.0 = Debug|Any CPU
		{8855DEA2-D563-487B-A421-20E61ED38905}.Release|Any CPU.ActiveCfg = Release|Any CPU
		{8855DEA2-D563-487B-A421-20E61ED38905}.Release|Any CPU.Build.0 = Release|Any CPU
		{AC36B097-D74A-438D-A520-BC43CFCD85CC}.Debug|Any CPU.ActiveCfg = Debug|Any CPU
		{AC36B097-D74A-438D-A520-BC43CFCD85CC}.Debug|Any CPU.Build.0 = Debug|Any CPU
		{AC36B097-D74A-438D-A520-BC43CFCD85CC}.Release|Any CPU.ActiveCfg = Release|Any CPU
		{AC36B097-D74A-438D-A520-BC43CFCD85CC}.Release|Any CPU.Build.0 = Release|Any CPU
		{CEA4E04C-CB83-4374-801D-E8DF3FDD72BA}.Debug|Any CPU.ActiveCfg = Debug|Any CPU
		{CEA4E04C-CB83-4374-801D-E8DF3FDD72BA}.Debug|Any CPU.Build.0 = Debug|Any CPU
		{CEA4E04C-CB83-4374-801D-E8DF3FDD72BA}.Release|Any CPU.ActiveCfg = Release|Any CPU
		{CEA4E04C-CB83-4374-801D-E8DF3FDD72BA}.Release|Any CPU.Build.0 = Release|Any CPU
		{C0060E8C-2D16-4D4E-8252-DAD6AD34C426}.Debug|Any CPU.ActiveCfg = Debug|Any CPU
		{C0060E8C-2D16-4D4E-8252-DAD6AD34C426}.Debug|Any CPU.Build.0 = Debug|Any CPU
		{C0060E8C-2D16-4D4E-8252-DAD6AD34C426}.Release|Any CPU.ActiveCfg = Release|Any CPU
		{C0060E8C-2D16-4D4E-8252-DAD6AD34C426}.Release|Any CPU.Build.0 = Release|Any CPU
		{FBFF15AB-87A3-4B3E-A525-05A6D284EB8A}.Debug|Any CPU.ActiveCfg = Debug|Any CPU
		{FBFF15AB-87A3-4B3E-A525-05A6D284EB8A}.Debug|Any CPU.Build.0 = Debug|Any CPU
		{FBFF15AB-87A3-4B3E-A525-05A6D284EB8A}.Release|Any CPU.ActiveCfg = Release|Any CPU
		{FBFF15AB-87A3-4B3E-A525-05A6D284EB8A}.Release|Any CPU.Build.0 = Release|Any CPU
		{4B546BF8-5AC0-4E66-B147-739B1CB1F408}.Debug|Any CPU.ActiveCfg = Debug|Any CPU
		{4B546BF8-5AC0-4E66-B147-739B1CB1F408}.Debug|Any CPU.Build.0 = Debug|Any CPU
		{4B546BF8-5AC0-4E66-B147-739B1CB1F408}.Release|Any CPU.ActiveCfg = Release|Any CPU
		{4B546BF8-5AC0-4E66-B147-739B1CB1F408}.Release|Any CPU.Build.0 = Release|Any CPU
	EndGlobalSection
	GlobalSection(SolutionProperties) = preSolution
		HideSolutionNode = FALSE
	EndGlobalSection
	GlobalSection(NestedProjects) = preSolution
		{A0814FD9-D890-4F2B-8FF6-4B0AAE357F37} = {A50546E9-5A5A-42C2-93A1-3F44D74D34C0}
		{8855DEA2-D563-487B-A421-20E61ED38905} = {A50546E9-5A5A-42C2-93A1-3F44D74D34C0}
		{AC36B097-D74A-438D-A520-BC43CFCD85CC} = {A50546E9-5A5A-42C2-93A1-3F44D74D34C0}
		{CEA4E04C-CB83-4374-801D-E8DF3FDD72BA} = {A50546E9-5A5A-42C2-93A1-3F44D74D34C0}
		{C0060E8C-2D16-4D4E-8252-DAD6AD34C426} = {A50546E9-5A5A-42C2-93A1-3F44D74D34C0}
		{FBFF15AB-87A3-4B3E-A525-05A6D284EB8A} = {C8574EB0-666D-4073-8886-BAE91DDEC9C9}
		{4B546BF8-5AC0-4E66-B147-739B1CB1F408} = {C8574EB0-666D-4073-8886-BAE91DDEC9C9}
	EndGlobalSection
	GlobalSection(ExtensibilityGlobals) = postSolution
		SolutionGuid = {8A34A080-23DE-4798-AFB3-DF73EA9FD7B3}
	EndGlobalSection
EndGlobal
