
Microsoft Visual Studio Solution File, Format Version 12.00
# Visual Studio Version 16
VisualStudioVersion = 16.0.32228.343
MinimumVisualStudioVersion = 10.0.40219.1
Project("{2150E333-8FDC-42A3-9474-1A3956D46DE8}") = "Chapter02", "Chapter02", "{A50546E9-5A5A-42C2-93A1-3F44D74D34C0}"
EndProject
Project("{FAE04EC0-301F-11D3-BF4B-00C04F79EFBC}") = "DistanceConverter", "Chapter02\DistanceConverter\DistanceConverter.csproj", "{A0814FD9-D890-4F2B-8FF6-4B0AAE357F37}"
EndProject
Project("{FAE04EC0-301F-11D3-BF4B-00C04F79EFBC}") = "SalesCalculator", "Chapter02\SalesCalculator\SalesCalculator.csproj", "{8855DEA2-D563-487B-A421-20E61ED38905}"
EndProject
Project("{FAE04EC0-301F-11D3-BF4B-00C04F79EFBC}") = "Exercise", "Chapter02\Exercise\Exercise.csproj", "{AC36B097-D74A-438D-A520-BC43CFCD85CC}"
EndProject
Project("{FAE04EC0-301F-11D3-BF4B-00C04F79EFBC}") = "Exercise02", "Chapter02\Exercise02\Exercise02.csproj", "{CEA4E04C-CB83-4374-801D-E8DF3FDD72BA}"
EndProject
Project("{FAE04EC0-301F-11D3-BF4B-00C04F79EFBC}") = "Exercise03", "Chapter02\Exercise03\Exercise03.csproj", "{C0060E8C-2D16-4D4E-8252-DAD6AD34C426}"
EndProject
Project("{2150E333-8FDC-42A3-9474-1A3956D46DE8}") = "Chapter03", "Chapter03", "{C8574EB0-666D-4073-8886-BAE91DDEC9C9}"
EndProject
Project("{FAE04EC0-301F-11D3-BF4B-00C04F79EFBC}") = "Section01", "Chapter03\Section01\Section01.csproj", "{FBFF15AB-87A3-4B3E-A525-05A6D284EB8A}"
EndProject
Project("{FAE04EC0-301F-11D3-BF4B-00C04F79EFBC}") = "Exercise01", "Chapter03\Exercise01\Exercise01.csproj", "{4B546BF8-5AC0-4E66-B147-739B1CB1F408}"
EndProject
Project("{FAE04EC0-301F-11D3-BF4B-00C04F79EFBC}") = "Section04", "Chapter03\Section04\Section04.csproj", "{45FFB67D-816F-42E6-B8F9-A1B15F6F68DB}"
EndProject
Project("{FAE04EC0-301F-11D3-BF4B-00C04F79EFBC}") = "Exercise02", "Chapter03\Exercise02\Exercise02.csproj", "{9E71B3E9-B1F5-405F-B320-08FD3E0D4E4E}"
EndProject
Project("{2150E333-8FDC-42A3-9474-1A3956D46DE8}") = "Chapter04", "Chapter04", "{B203AD8B-99C5-4DF8-8D05-02E6A2294B80}"
EndProject
Project("{FAE04EC0-301F-11D3-BF4B-00C04F79EFBC}") = "Exercise01", "Chapter04\Exercise01\Exercise01.csproj", "{8C45D08B-50DE-4AAF-9180-91251985284C}"
EndProject
Project("{FAE04EC0-301F-11D3-BF4B-00C04F79EFBC}") = "Exercise02", "Chapter04\Exercise02\Exercise02.csproj", "{DAB171AA-44F1-461B-989F-ACE4234BC374}"
EndProject
Project("{2150E333-8FDC-42A3-9474-1A3956D46DE8}") = "Chapter05", "Chapter05", "{484F4495-5BCE-470F-AAF4-15DB13376186}"
EndProject
Project("{FAE04EC0-301F-11D3-BF4B-00C04F79EFBC}") = "Exercise01", "Chapter05\Exercise01\Exercise01.csproj", "{39384ABD-EA36-4A1F-94F3-65347FCACF42}"
EndProject
Project("{FAE04EC0-301F-11D3-BF4B-00C04F79EFBC}") = "Exercise02", "Chapter05\Exercise02\Exercise02.csproj", "{C56F8BFE-F5FC-4B60-BAE7-B00A52CBA033}"
EndProject
Project("{FAE04EC0-301F-11D3-BF4B-00C04F79EFBC}") = "Exercise03", "Chapter05\Exercise03\Exercise03.csproj", "{E5536137-D2A5-4B6D-9754-9A1C02F29DFF}"
EndProject
Project("{FAE04EC0-301F-11D3-BF4B-00C04F79EFBC}") = "Exercise04", "Chapter05\Exercise04\Exercise04.csproj", "{77A75146-54DD-4984-A56D-C9685A67C38E}"
EndProject
Project("{2150E333-8FDC-42A3-9474-1A3956D46DE8}") = "Chapter06", "Chapter06", "{4903FC8E-37DE-473E-8E3C-66373C20C61A}"
EndProject
Project("{FAE04EC0-301F-11D3-BF4B-00C04F79EFBC}") = "Exercise01", "Chapter06\Exercise01\Exercise01.csproj", "{825E0CAE-C38C-4AF9-BFC0-54C21F8BD9F6}"
EndProject
Project("{FAE04EC0-301F-11D3-BF4B-00C04F79EFBC}") = "Exercise02", "Chapter06\Exercise02\Exercise02.csproj", "{C0EA1763-8A4F-42C0-BDB0-FDBF13F410FD}"
EndProject
Project("{2150E333-8FDC-42A3-9474-1A3956D46DE8}") = "FormAppSample", "FormAppSample", "{8D44CE92-02E4-4BF9-B3D8-E718580A8688}"
EndProject
Project("{FAE04EC0-301F-11D3-BF4B-00C04F79EFBC}") = "Sample0603", "FormAppSample\Sample0603\Sample0603.csproj", "{A66DBF64-6C54-4D2C-B470-41F380841BA1}"
EndProject
Project("{FAE04EC0-301F-11D3-BF4B-00C04F79EFBC}") = "Sample0607", "FormAppSample\Sample0607\Sample0607.csproj", "{E7E97EE4-B3AA-438D-95A9-D66D83DE2089}"
EndProject
Project("{FAE04EC0-301F-11D3-BF4B-00C04F79EFBC}") = "NumberGame", "FormAppSample\NumberGame\NumberGame.csproj", "{9461E30E-6059-4F1C-9E31-BA4911AB3423}"
EndProject
Project("{FAE04EC0-301F-11D3-BF4B-00C04F79EFBC}") = "AddressBook", "FormAppSample\AddressBook\AddressBook.csproj", "{AF8079C3-A392-46FD-B05D-7EDDCEE79051}"
EndProject
Project("{2150E333-8FDC-42A3-9474-1A3956D46DE8}") = "Test202206", "Test202206", "{AEBB38A8-AA83-4388-8940-76DCF542223F}"
EndProject
Project("{FAE04EC0-301F-11D3-BF4B-00C04F79EFBC}") = "Test01", "Test202206\TestProject\Test01\Test01.csproj", "{2BFACDC3-F44D-4199-8498-F5C3C4AC0335}"
EndProject
Project("{FAE04EC0-301F-11D3-BF4B-00C04F79EFBC}") = "Test02", "Test202206\TestProject\Test02\Test02.csproj", "{E461C0A8-8900-485C-B520-E929BA33F712}"
EndProject
Project("{2150E333-8FDC-42A3-9474-1A3956D46DE8}") = "Chapter11", "Chapter11", "{41A0F1EE-CB83-4798-BBF3-74E203EE78F6}"
EndProject
Project("{FAE04EC0-301F-11D3-BF4B-00C04F79EFBC}") = "XmlSample", "Chapter11\XmlSample\XmlSample.csproj", "{73A2643F-04EC-4638-B108-3E8B934F4A80}"
EndProject
Project("{FAE04EC0-301F-11D3-BF4B-00C04F79EFBC}") = "RssReader", "Chapter11\RssReader\RssReader.csproj", "{304D18D0-8C71-4CBE-941A-5502ED04DB35}"
EndProject
Project("{FAE04EC0-301F-11D3-BF4B-00C04F79EFBC}") = "Exercise1", "Chapter11\Exercise1\Exercise1.csproj", "{82D37B91-4CEC-408F-A63B-F4A91F6FD12D}"
EndProject
Project("{2150E333-8FDC-42A3-9474-1A3956D46DE8}") = "Chapter12", "Chapter12", "{57E464D5-3DB5-48B7-8BE4-08133119F6C5}"
EndProject
Project("{FAE04EC0-301F-11D3-BF4B-00C04F79EFBC}") = "Section01", "Chapter12\Section01\Section01.csproj", "{F656C29B-493B-41E6-95AB-6BFA186F2720}"
EndProject
Project("{FAE04EC0-301F-11D3-BF4B-00C04F79EFBC}") = "Section02", "Chapter12\Section02\Section02.csproj", "{EE6E7A59-FF6E-47BD-9343-9107FD898010}"
EndProject
Project("{FAE04EC0-301F-11D3-BF4B-00C04F79EFBC}") = "Exercise01", "Chapter12\Exercise01\Exercise01.csproj", "{8C4F6CF3-E472-4D42-8A58-648AD5A612AB}"
EndProject
Project("{FAE04EC0-301F-11D3-BF4B-00C04F79EFBC}") = "Exercise2", "Chapter12\Exercise2\Exercise2.csproj", "{8FC24658-64AE-490B-8EBB-819EBEABCFCE}"
EndProject
Project("{2150E333-8FDC-42A3-9474-1A3956D46DE8}") = "CarReportSystem", "CarReportSystem", "{AB7D77F4-AA0E-48AE-AB69-528B7FCABFD6}"
EndProject
Project("{FAE04EC0-301F-11D3-BF4B-00C04F79EFBC}") = "CarReportSystem", "CarReportSystem\CarReportSystem\CarReportSystem.csproj", "{058165C0-277F-4E3C-9D98-91C3D027144A}"
EndProject
Project("{2150E333-8FDC-42A3-9474-1A3956D46DE8}") = "DesignPattern", "DesignPattern", "{4B4B14F0-58EB-4BB0-BB2C-BCA34E75E884}"
EndProject
Project("{FAE04EC0-301F-11D3-BF4B-00C04F79EFBC}") = "SingletonSample", "DesignPattern\SingletonSample\SingletonSample.csproj", "{889DB3BC-ECDE-4DBD-A615-D19684922B17}"
EndProject
Project("{2150E333-8FDC-42A3-9474-1A3956D46DE8}") = "Chapter17", "Chapter17", "{031315B7-28B4-47E4-90B7-B69D9ABA9C5B}"
EndProject
Project("{FAE04EC0-301F-11D3-BF4B-00C04F79EFBC}") = "Section01", "Chapter17\Section01\Section01.csproj", "{DCE80E9A-B1EF-4415-8607-2C8196926AEB}"
EndProject
Project("{2150E333-8FDC-42A3-9474-1A3956D46DE8}") = "TemplateMethod", "TemplateMethod", "{311141BF-40C1-4EDA-9DEF-11B7EB14A2E3}"
EndProject
Project("{FAE04EC0-301F-11D3-BF4B-00C04F79EFBC}") = "TextFileProcessor", "Chapter17\TemplateMethod\TextFileProcessor\TextFileProcessor.csproj", "{3B0C39B0-C485-498B-B022-771FEFF7A408}"
EndProject
Project("{FAE04EC0-301F-11D3-BF4B-00C04F79EFBC}") = "LineCounter", "Chapter17\TemplateMethod\LineCounter\LineCounter.csproj", "{F13159AA-3292-493B-84FF-F420EA28EB34}"
EndProject
Project("{FAE04EC0-301F-11D3-BF4B-00C04F79EFBC}") = "Exercise1", "Chapter17\Exercise1\Exercise1\Exercise1.csproj", "{FA487F5B-D08E-4203-BBDF-86E95B1A2467}"
EndProject
Project("{2150E333-8FDC-42A3-9474-1A3956D46DE8}") = "Strategy", "Strategy", "{5CE535FD-4944-40B4-A993-8B07B25DF44C}"
EndProject
Project("{FAE04EC0-301F-11D3-BF4B-00C04F79EFBC}") = "DistanceConverter", "Chapter17\DistanceConverter\DistanceConverter\DistanceConverter.csproj", "{5DAC8A43-436D-419A-A3CC-437D2C82218D}"
EndProject
Project("{2150E333-8FDC-42A3-9474-1A3956D46DE8}") = "ADONET", "ADONET", "{4149A42B-5D5F-4949-9B6A-A34883BB5236}"
EndProject
Project("{FAE04EC0-301F-11D3-BF4B-00C04F79EFBC}") = "DateBaseSample", "ADONET\DateBaseSample\DateBaseSample.csproj", "{BC0786D0-E156-444C-8E51-2470BAD7BE1D}"
EndProject
Project("{FAE04EC0-301F-11D3-BF4B-00C04F79EFBC}") = "AddressBook", "ADONET\AddressBook\AddressBook.csproj", "{735787E0-8EF6-4126-AE37-54A93A1BB9DF}"
EndProject
Project("{2150E333-8FDC-42A3-9474-1A3956D46DE8}") = "Chapter13", "Chapter13", "{58803B0E-A4FC-4A41-B98A-23C6B6EED411}"
EndProject
Project("{FAE04EC0-301F-11D3-BF4B-00C04F79EFBC}") = "SampleEntityFramework", "Chapter13\SampleEntityFramework\SampleEntityFramework.csproj", "{913AA609-C707-4546-80C1-51604CACA1A1}"
EndProject
Project("{2150E333-8FDC-42A3-9474-1A3956D46DE8}") = "Chapter15", "Chapter15", "{A7FBFE0A-6238-4B6F-A23E-D95C571EC4FF}"
EndProject
Project("{FAE04EC0-301F-11D3-BF4B-00C04F79EFBC}") = "Chapter15", "Chapter15\Chapter15\Chapter15.csproj", "{C86278A5-5D4C-4E87-9906-3382AFE097C4}"
EndProject
Global
	GlobalSection(SolutionConfigurationPlatforms) = preSolution
		Debug|Any CPU = Debug|Any CPU
		Release|Any CPU = Release|Any CPU
	EndGlobalSection
	GlobalSection(ProjectConfigurationPlatforms) = postSolution
		{A0814FD9-D890-4F2B-8FF6-4B0AAE357F37}.Debug|Any CPU.ActiveCfg = Debug|Any CPU
		{A0814FD9-D890-4F2B-8FF6-4B0AAE357F37}.Debug|Any CPU.Build.0 = Debug|Any CPU
		{A0814FD9-D890-4F2B-8FF6-4B0AAE357F37}.Release|Any CPU.ActiveCfg = Release|Any CPU
		{A0814FD9-D890-4F2B-8FF6-4B0AAE357F37}.Release|Any CPU.Build.0 = Release|Any CPU
		{8855DEA2-D563-487B-A421-20E61ED38905}.Debug|Any CPU.ActiveCfg = Debug|Any CPU
		{8855DEA2-D563-487B-A421-20E61ED38905}.Debug|Any CPU.Build.0 = Debug|Any CPU
		{8855DEA2-D563-487B-A421-20E61ED38905}.Release|Any CPU.ActiveCfg = Release|Any CPU
		{8855DEA2-D563-487B-A421-20E61ED38905}.Release|Any CPU.Build.0 = Release|Any CPU
		{AC36B097-D74A-438D-A520-BC43CFCD85CC}.Debug|Any CPU.ActiveCfg = Debug|Any CPU
		{AC36B097-D74A-438D-A520-BC43CFCD85CC}.Debug|Any CPU.Build.0 = Debug|Any CPU
		{AC36B097-D74A-438D-A520-BC43CFCD85CC}.Release|Any CPU.ActiveCfg = Release|Any CPU
		{AC36B097-D74A-438D-A520-BC43CFCD85CC}.Release|Any CPU.Build.0 = Release|Any CPU
		{CEA4E04C-CB83-4374-801D-E8DF3FDD72BA}.Debug|Any CPU.ActiveCfg = Debug|Any CPU
		{CEA4E04C-CB83-4374-801D-E8DF3FDD72BA}.Debug|Any CPU.Build.0 = Debug|Any CPU
		{CEA4E04C-CB83-4374-801D-E8DF3FDD72BA}.Release|Any CPU.ActiveCfg = Release|Any CPU
		{CEA4E04C-CB83-4374-801D-E8DF3FDD72BA}.Release|Any CPU.Build.0 = Release|Any CPU
		{C0060E8C-2D16-4D4E-8252-DAD6AD34C426}.Debug|Any CPU.ActiveCfg = Debug|Any CPU
		{C0060E8C-2D16-4D4E-8252-DAD6AD34C426}.Debug|Any CPU.Build.0 = Debug|Any CPU
		{C0060E8C-2D16-4D4E-8252-DAD6AD34C426}.Release|Any CPU.ActiveCfg = Release|Any CPU
		{C0060E8C-2D16-4D4E-8252-DAD6AD34C426}.Release|Any CPU.Build.0 = Release|Any CPU
		{FBFF15AB-87A3-4B3E-A525-05A6D284EB8A}.Debug|Any CPU.ActiveCfg = Debug|Any CPU
		{FBFF15AB-87A3-4B3E-A525-05A6D284EB8A}.Debug|Any CPU.Build.0 = Debug|Any CPU
		{FBFF15AB-87A3-4B3E-A525-05A6D284EB8A}.Release|Any CPU.ActiveCfg = Release|Any CPU
		{FBFF15AB-87A3-4B3E-A525-05A6D284EB8A}.Release|Any CPU.Build.0 = Release|Any CPU
		{4B546BF8-5AC0-4E66-B147-739B1CB1F408}.Debug|Any CPU.ActiveCfg = Debug|Any CPU
		{4B546BF8-5AC0-4E66-B147-739B1CB1F408}.Debug|Any CPU.Build.0 = Debug|Any CPU
		{4B546BF8-5AC0-4E66-B147-739B1CB1F408}.Release|Any CPU.ActiveCfg = Release|Any CPU
		{4B546BF8-5AC0-4E66-B147-739B1CB1F408}.Release|Any CPU.Build.0 = Release|Any CPU
		{45FFB67D-816F-42E6-B8F9-A1B15F6F68DB}.Debug|Any CPU.ActiveCfg = Debug|Any CPU
		{45FFB67D-816F-42E6-B8F9-A1B15F6F68DB}.Debug|Any CPU.Build.0 = Debug|Any CPU
		{45FFB67D-816F-42E6-B8F9-A1B15F6F68DB}.Release|Any CPU.ActiveCfg = Release|Any CPU
		{45FFB67D-816F-42E6-B8F9-A1B15F6F68DB}.Release|Any CPU.Build.0 = Release|Any CPU
		{9E71B3E9-B1F5-405F-B320-08FD3E0D4E4E}.Debug|Any CPU.ActiveCfg = Debug|Any CPU
		{9E71B3E9-B1F5-405F-B320-08FD3E0D4E4E}.Debug|Any CPU.Build.0 = Debug|Any CPU
		{9E71B3E9-B1F5-405F-B320-08FD3E0D4E4E}.Release|Any CPU.ActiveCfg = Release|Any CPU
		{9E71B3E9-B1F5-405F-B320-08FD3E0D4E4E}.Release|Any CPU.Build.0 = Release|Any CPU
		{8C45D08B-50DE-4AAF-9180-91251985284C}.Debug|Any CPU.ActiveCfg = Debug|Any CPU
		{8C45D08B-50DE-4AAF-9180-91251985284C}.Debug|Any CPU.Build.0 = Debug|Any CPU
		{8C45D08B-50DE-4AAF-9180-91251985284C}.Release|Any CPU.ActiveCfg = Release|Any CPU
		{8C45D08B-50DE-4AAF-9180-91251985284C}.Release|Any CPU.Build.0 = Release|Any CPU
		{DAB171AA-44F1-461B-989F-ACE4234BC374}.Debug|Any CPU.ActiveCfg = Debug|Any CPU
		{DAB171AA-44F1-461B-989F-ACE4234BC374}.Debug|Any CPU.Build.0 = Debug|Any CPU
		{DAB171AA-44F1-461B-989F-ACE4234BC374}.Release|Any CPU.ActiveCfg = Release|Any CPU
		{DAB171AA-44F1-461B-989F-ACE4234BC374}.Release|Any CPU.Build.0 = Release|Any CPU
		{39384ABD-EA36-4A1F-94F3-65347FCACF42}.Debug|Any CPU.ActiveCfg = Debug|Any CPU
		{39384ABD-EA36-4A1F-94F3-65347FCACF42}.Debug|Any CPU.Build.0 = Debug|Any CPU
		{39384ABD-EA36-4A1F-94F3-65347FCACF42}.Release|Any CPU.ActiveCfg = Release|Any CPU
		{39384ABD-EA36-4A1F-94F3-65347FCACF42}.Release|Any CPU.Build.0 = Release|Any CPU
		{C56F8BFE-F5FC-4B60-BAE7-B00A52CBA033}.Debug|Any CPU.ActiveCfg = Debug|Any CPU
		{C56F8BFE-F5FC-4B60-BAE7-B00A52CBA033}.Debug|Any CPU.Build.0 = Debug|Any CPU
		{C56F8BFE-F5FC-4B60-BAE7-B00A52CBA033}.Release|Any CPU.ActiveCfg = Release|Any CPU
		{C56F8BFE-F5FC-4B60-BAE7-B00A52CBA033}.Release|Any CPU.Build.0 = Release|Any CPU
		{E5536137-D2A5-4B6D-9754-9A1C02F29DFF}.Debug|Any CPU.ActiveCfg = Debug|Any CPU
		{E5536137-D2A5-4B6D-9754-9A1C02F29DFF}.Debug|Any CPU.Build.0 = Debug|Any CPU
		{E5536137-D2A5-4B6D-9754-9A1C02F29DFF}.Release|Any CPU.ActiveCfg = Release|Any CPU
		{E5536137-D2A5-4B6D-9754-9A1C02F29DFF}.Release|Any CPU.Build.0 = Release|Any CPU
		{77A75146-54DD-4984-A56D-C9685A67C38E}.Debug|Any CPU.ActiveCfg = Debug|Any CPU
		{77A75146-54DD-4984-A56D-C9685A67C38E}.Debug|Any CPU.Build.0 = Debug|Any CPU
		{77A75146-54DD-4984-A56D-C9685A67C38E}.Release|Any CPU.ActiveCfg = Release|Any CPU
		{77A75146-54DD-4984-A56D-C9685A67C38E}.Release|Any CPU.Build.0 = Release|Any CPU
		{825E0CAE-C38C-4AF9-BFC0-54C21F8BD9F6}.Debug|Any CPU.ActiveCfg = Debug|Any CPU
		{825E0CAE-C38C-4AF9-BFC0-54C21F8BD9F6}.Debug|Any CPU.Build.0 = Debug|Any CPU
		{825E0CAE-C38C-4AF9-BFC0-54C21F8BD9F6}.Release|Any CPU.ActiveCfg = Release|Any CPU
		{825E0CAE-C38C-4AF9-BFC0-54C21F8BD9F6}.Release|Any CPU.Build.0 = Release|Any CPU
		{C0EA1763-8A4F-42C0-BDB0-FDBF13F410FD}.Debug|Any CPU.ActiveCfg = Debug|Any CPU
		{C0EA1763-8A4F-42C0-BDB0-FDBF13F410FD}.Debug|Any CPU.Build.0 = Debug|Any CPU
		{C0EA1763-8A4F-42C0-BDB0-FDBF13F410FD}.Release|Any CPU.ActiveCfg = Release|Any CPU
		{C0EA1763-8A4F-42C0-BDB0-FDBF13F410FD}.Release|Any CPU.Build.0 = Release|Any CPU
		{A66DBF64-6C54-4D2C-B470-41F380841BA1}.Debug|Any CPU.ActiveCfg = Debug|Any CPU
		{A66DBF64-6C54-4D2C-B470-41F380841BA1}.Debug|Any CPU.Build.0 = Debug|Any CPU
		{A66DBF64-6C54-4D2C-B470-41F380841BA1}.Release|Any CPU.ActiveCfg = Release|Any CPU
		{A66DBF64-6C54-4D2C-B470-41F380841BA1}.Release|Any CPU.Build.0 = Release|Any CPU
		{E7E97EE4-B3AA-438D-95A9-D66D83DE2089}.Debug|Any CPU.ActiveCfg = Debug|Any CPU
		{E7E97EE4-B3AA-438D-95A9-D66D83DE2089}.Debug|Any CPU.Build.0 = Debug|Any CPU
		{E7E97EE4-B3AA-438D-95A9-D66D83DE2089}.Release|Any CPU.ActiveCfg = Release|Any CPU
		{E7E97EE4-B3AA-438D-95A9-D66D83DE2089}.Release|Any CPU.Build.0 = Release|Any CPU
		{9461E30E-6059-4F1C-9E31-BA4911AB3423}.Debug|Any CPU.ActiveCfg = Debug|Any CPU
		{9461E30E-6059-4F1C-9E31-BA4911AB3423}.Debug|Any CPU.Build.0 = Debug|Any CPU
		{9461E30E-6059-4F1C-9E31-BA4911AB3423}.Release|Any CPU.ActiveCfg = Release|Any CPU
		{9461E30E-6059-4F1C-9E31-BA4911AB3423}.Release|Any CPU.Build.0 = Release|Any CPU
		{AF8079C3-A392-46FD-B05D-7EDDCEE79051}.Debug|Any CPU.ActiveCfg = Debug|Any CPU
		{AF8079C3-A392-46FD-B05D-7EDDCEE79051}.Debug|Any CPU.Build.0 = Debug|Any CPU
		{AF8079C3-A392-46FD-B05D-7EDDCEE79051}.Release|Any CPU.ActiveCfg = Release|Any CPU
		{AF8079C3-A392-46FD-B05D-7EDDCEE79051}.Release|Any CPU.Build.0 = Release|Any CPU
		{2BFACDC3-F44D-4199-8498-F5C3C4AC0335}.Debug|Any CPU.ActiveCfg = Debug|Any CPU
		{2BFACDC3-F44D-4199-8498-F5C3C4AC0335}.Debug|Any CPU.Build.0 = Debug|Any CPU
		{2BFACDC3-F44D-4199-8498-F5C3C4AC0335}.Release|Any CPU.ActiveCfg = Release|Any CPU
		{2BFACDC3-F44D-4199-8498-F5C3C4AC0335}.Release|Any CPU.Build.0 = Release|Any CPU
		{E461C0A8-8900-485C-B520-E929BA33F712}.Debug|Any CPU.ActiveCfg = Debug|Any CPU
		{E461C0A8-8900-485C-B520-E929BA33F712}.Debug|Any CPU.Build.0 = Debug|Any CPU
		{E461C0A8-8900-485C-B520-E929BA33F712}.Release|Any CPU.ActiveCfg = Release|Any CPU
		{E461C0A8-8900-485C-B520-E929BA33F712}.Release|Any CPU.Build.0 = Release|Any CPU
		{73A2643F-04EC-4638-B108-3E8B934F4A80}.Debug|Any CPU.ActiveCfg = Debug|Any CPU
		{73A2643F-04EC-4638-B108-3E8B934F4A80}.Debug|Any CPU.Build.0 = Debug|Any CPU
		{73A2643F-04EC-4638-B108-3E8B934F4A80}.Release|Any CPU.ActiveCfg = Release|Any CPU
		{73A2643F-04EC-4638-B108-3E8B934F4A80}.Release|Any CPU.Build.0 = Release|Any CPU
		{304D18D0-8C71-4CBE-941A-5502ED04DB35}.Debug|Any CPU.ActiveCfg = Debug|Any CPU
		{304D18D0-8C71-4CBE-941A-5502ED04DB35}.Debug|Any CPU.Build.0 = Debug|Any CPU
		{304D18D0-8C71-4CBE-941A-5502ED04DB35}.Release|Any CPU.ActiveCfg = Release|Any CPU
		{304D18D0-8C71-4CBE-941A-5502ED04DB35}.Release|Any CPU.Build.0 = Release|Any CPU
		{82D37B91-4CEC-408F-A63B-F4A91F6FD12D}.Debug|Any CPU.ActiveCfg = Debug|Any CPU
		{82D37B91-4CEC-408F-A63B-F4A91F6FD12D}.Debug|Any CPU.Build.0 = Debug|Any CPU
		{82D37B91-4CEC-408F-A63B-F4A91F6FD12D}.Release|Any CPU.ActiveCfg = Release|Any CPU
		{82D37B91-4CEC-408F-A63B-F4A91F6FD12D}.Release|Any CPU.Build.0 = Release|Any CPU
		{F656C29B-493B-41E6-95AB-6BFA186F2720}.Debug|Any CPU.ActiveCfg = Debug|Any CPU
		{F656C29B-493B-41E6-95AB-6BFA186F2720}.Debug|Any CPU.Build.0 = Debug|Any CPU
		{F656C29B-493B-41E6-95AB-6BFA186F2720}.Release|Any CPU.ActiveCfg = Release|Any CPU
		{F656C29B-493B-41E6-95AB-6BFA186F2720}.Release|Any CPU.Build.0 = Release|Any CPU
		{EE6E7A59-FF6E-47BD-9343-9107FD898010}.Debug|Any CPU.ActiveCfg = Debug|Any CPU
		{EE6E7A59-FF6E-47BD-9343-9107FD898010}.Debug|Any CPU.Build.0 = Debug|Any CPU
		{EE6E7A59-FF6E-47BD-9343-9107FD898010}.Release|Any CPU.ActiveCfg = Release|Any CPU
		{EE6E7A59-FF6E-47BD-9343-9107FD898010}.Release|Any CPU.Build.0 = Release|Any CPU
		{8C4F6CF3-E472-4D42-8A58-648AD5A612AB}.Debug|Any CPU.ActiveCfg = Debug|Any CPU
		{8C4F6CF3-E472-4D42-8A58-648AD5A612AB}.Debug|Any CPU.Build.0 = Debug|Any CPU
		{8C4F6CF3-E472-4D42-8A58-648AD5A612AB}.Release|Any CPU.ActiveCfg = Release|Any CPU
		{8C4F6CF3-E472-4D42-8A58-648AD5A612AB}.Release|Any CPU.Build.0 = Release|Any CPU
		{8FC24658-64AE-490B-8EBB-819EBEABCFCE}.Debug|Any CPU.ActiveCfg = Debug|Any CPU
		{8FC24658-64AE-490B-8EBB-819EBEABCFCE}.Debug|Any CPU.Build.0 = Debug|Any CPU
		{8FC24658-64AE-490B-8EBB-819EBEABCFCE}.Release|Any CPU.ActiveCfg = Release|Any CPU
		{8FC24658-64AE-490B-8EBB-819EBEABCFCE}.Release|Any CPU.Build.0 = Release|Any CPU
		{058165C0-277F-4E3C-9D98-91C3D027144A}.Debug|Any CPU.ActiveCfg = Debug|Any CPU
		{058165C0-277F-4E3C-9D98-91C3D027144A}.Debug|Any CPU.Build.0 = Debug|Any CPU
		{058165C0-277F-4E3C-9D98-91C3D027144A}.Release|Any CPU.ActiveCfg = Release|Any CPU
		{058165C0-277F-4E3C-9D98-91C3D027144A}.Release|Any CPU.Build.0 = Release|Any CPU
		{889DB3BC-ECDE-4DBD-A615-D19684922B17}.Debug|Any CPU.ActiveCfg = Debug|Any CPU
		{889DB3BC-ECDE-4DBD-A615-D19684922B17}.Debug|Any CPU.Build.0 = Debug|Any CPU
		{889DB3BC-ECDE-4DBD-A615-D19684922B17}.Release|Any CPU.ActiveCfg = Release|Any CPU
		{889DB3BC-ECDE-4DBD-A615-D19684922B17}.Release|Any CPU.Build.0 = Release|Any CPU
		{DCE80E9A-B1EF-4415-8607-2C8196926AEB}.Debug|Any CPU.ActiveCfg = Debug|Any CPU
		{DCE80E9A-B1EF-4415-8607-2C8196926AEB}.Debug|Any CPU.Build.0 = Debug|Any CPU
		{DCE80E9A-B1EF-4415-8607-2C8196926AEB}.Release|Any CPU.ActiveCfg = Release|Any CPU
		{DCE80E9A-B1EF-4415-8607-2C8196926AEB}.Release|Any CPU.Build.0 = Release|Any CPU
		{3B0C39B0-C485-498B-B022-771FEFF7A408}.Debug|Any CPU.ActiveCfg = Debug|Any CPU
		{3B0C39B0-C485-498B-B022-771FEFF7A408}.Debug|Any CPU.Build.0 = Debug|Any CPU
		{3B0C39B0-C485-498B-B022-771FEFF7A408}.Release|Any CPU.ActiveCfg = Release|Any CPU
		{3B0C39B0-C485-498B-B022-771FEFF7A408}.Release|Any CPU.Build.0 = Release|Any CPU
		{F13159AA-3292-493B-84FF-F420EA28EB34}.Debug|Any CPU.ActiveCfg = Debug|Any CPU
		{F13159AA-3292-493B-84FF-F420EA28EB34}.Debug|Any CPU.Build.0 = Debug|Any CPU
		{F13159AA-3292-493B-84FF-F420EA28EB34}.Release|Any CPU.ActiveCfg = Release|Any CPU
		{F13159AA-3292-493B-84FF-F420EA28EB34}.Release|Any CPU.Build.0 = Release|Any CPU
		{FA487F5B-D08E-4203-BBDF-86E95B1A2467}.Debug|Any CPU.ActiveCfg = Debug|Any CPU
		{FA487F5B-D08E-4203-BBDF-86E95B1A2467}.Debug|Any CPU.Build.0 = Debug|Any CPU
		{FA487F5B-D08E-4203-BBDF-86E95B1A2467}.Release|Any CPU.ActiveCfg = Release|Any CPU
		{FA487F5B-D08E-4203-BBDF-86E95B1A2467}.Release|Any CPU.Build.0 = Release|Any CPU
		{5DAC8A43-436D-419A-A3CC-437D2C82218D}.Debug|Any CPU.ActiveCfg = Debug|Any CPU
		{5DAC8A43-436D-419A-A3CC-437D2C82218D}.Debug|Any CPU.Build.0 = Debug|Any CPU
		{5DAC8A43-436D-419A-A3CC-437D2C82218D}.Release|Any CPU.ActiveCfg = Release|Any CPU
		{5DAC8A43-436D-419A-A3CC-437D2C82218D}.Release|Any CPU.Build.0 = Release|Any CPU
		{BC0786D0-E156-444C-8E51-2470BAD7BE1D}.Debug|Any CPU.ActiveCfg = Debug|Any CPU
		{BC0786D0-E156-444C-8E51-2470BAD7BE1D}.Debug|Any CPU.Build.0 = Debug|Any CPU
		{BC0786D0-E156-444C-8E51-2470BAD7BE1D}.Release|Any CPU.ActiveCfg = Release|Any CPU
		{BC0786D0-E156-444C-8E51-2470BAD7BE1D}.Release|Any CPU.Build.0 = Release|Any CPU
		{735787E0-8EF6-4126-AE37-54A93A1BB9DF}.Debug|Any CPU.ActiveCfg = Debug|Any CPU
		{735787E0-8EF6-4126-AE37-54A93A1BB9DF}.Debug|Any CPU.Build.0 = Debug|Any CPU
		{735787E0-8EF6-4126-AE37-54A93A1BB9DF}.Release|Any CPU.ActiveCfg = Release|Any CPU
		{735787E0-8EF6-4126-AE37-54A93A1BB9DF}.Release|Any CPU.Build.0 = Release|Any CPU
		{913AA609-C707-4546-80C1-51604CACA1A1}.Debug|Any CPU.ActiveCfg = Debug|Any CPU
		{913AA609-C707-4546-80C1-51604CACA1A1}.Debug|Any CPU.Build.0 = Debug|Any CPU
		{913AA609-C707-4546-80C1-51604CACA1A1}.Release|Any CPU.ActiveCfg = Release|Any CPU
		{913AA609-C707-4546-80C1-51604CACA1A1}.Release|Any CPU.Build.0 = Release|Any CPU
		{C86278A5-5D4C-4E87-9906-3382AFE097C4}.Debug|Any CPU.ActiveCfg = Debug|Any CPU
		{C86278A5-5D4C-4E87-9906-3382AFE097C4}.Debug|Any CPU.Build.0 = Debug|Any CPU
		{C86278A5-5D4C-4E87-9906-3382AFE097C4}.Release|Any CPU.ActiveCfg = Release|Any CPU
		{C86278A5-5D4C-4E87-9906-3382AFE097C4}.Release|Any CPU.Build.0 = Release|Any CPU
	EndGlobalSection
	GlobalSection(SolutionProperties) = preSolution
		HideSolutionNode = FALSE
	EndGlobalSection
	GlobalSection(NestedProjects) = preSolution
		{A0814FD9-D890-4F2B-8FF6-4B0AAE357F37} = {A50546E9-5A5A-42C2-93A1-3F44D74D34C0}
		{8855DEA2-D563-487B-A421-20E61ED38905} = {A50546E9-5A5A-42C2-93A1-3F44D74D34C0}
		{AC36B097-D74A-438D-A520-BC43CFCD85CC} = {A50546E9-5A5A-42C2-93A1-3F44D74D34C0}
		{CEA4E04C-CB83-4374-801D-E8DF3FDD72BA} = {A50546E9-5A5A-42C2-93A1-3F44D74D34C0}
		{C0060E8C-2D16-4D4E-8252-DAD6AD34C426} = {A50546E9-5A5A-42C2-93A1-3F44D74D34C0}
		{FBFF15AB-87A3-4B3E-A525-05A6D284EB8A} = {C8574EB0-666D-4073-8886-BAE91DDEC9C9}
		{4B546BF8-5AC0-4E66-B147-739B1CB1F408} = {C8574EB0-666D-4073-8886-BAE91DDEC9C9}
		{45FFB67D-816F-42E6-B8F9-A1B15F6F68DB} = {C8574EB0-666D-4073-8886-BAE91DDEC9C9}
		{9E71B3E9-B1F5-405F-B320-08FD3E0D4E4E} = {C8574EB0-666D-4073-8886-BAE91DDEC9C9}
		{8C45D08B-50DE-4AAF-9180-91251985284C} = {B203AD8B-99C5-4DF8-8D05-02E6A2294B80}
		{DAB171AA-44F1-461B-989F-ACE4234BC374} = {B203AD8B-99C5-4DF8-8D05-02E6A2294B80}
		{39384ABD-EA36-4A1F-94F3-65347FCACF42} = {484F4495-5BCE-470F-AAF4-15DB13376186}
		{C56F8BFE-F5FC-4B60-BAE7-B00A52CBA033} = {484F4495-5BCE-470F-AAF4-15DB13376186}
		{E5536137-D2A5-4B6D-9754-9A1C02F29DFF} = {484F4495-5BCE-470F-AAF4-15DB13376186}
		{77A75146-54DD-4984-A56D-C9685A67C38E} = {484F4495-5BCE-470F-AAF4-15DB13376186}
		{825E0CAE-C38C-4AF9-BFC0-54C21F8BD9F6} = {4903FC8E-37DE-473E-8E3C-66373C20C61A}
		{C0EA1763-8A4F-42C0-BDB0-FDBF13F410FD} = {4903FC8E-37DE-473E-8E3C-66373C20C61A}
		{A66DBF64-6C54-4D2C-B470-41F380841BA1} = {8D44CE92-02E4-4BF9-B3D8-E718580A8688}
		{E7E97EE4-B3AA-438D-95A9-D66D83DE2089} = {8D44CE92-02E4-4BF9-B3D8-E718580A8688}
		{9461E30E-6059-4F1C-9E31-BA4911AB3423} = {8D44CE92-02E4-4BF9-B3D8-E718580A8688}
		{AF8079C3-A392-46FD-B05D-7EDDCEE79051} = {8D44CE92-02E4-4BF9-B3D8-E718580A8688}
		{2BFACDC3-F44D-4199-8498-F5C3C4AC0335} = {AEBB38A8-AA83-4388-8940-76DCF542223F}
		{E461C0A8-8900-485C-B520-E929BA33F712} = {AEBB38A8-AA83-4388-8940-76DCF542223F}
		{73A2643F-04EC-4638-B108-3E8B934F4A80} = {41A0F1EE-CB83-4798-BBF3-74E203EE78F6}
		{304D18D0-8C71-4CBE-941A-5502ED04DB35} = {41A0F1EE-CB83-4798-BBF3-74E203EE78F6}
		{82D37B91-4CEC-408F-A63B-F4A91F6FD12D} = {41A0F1EE-CB83-4798-BBF3-74E203EE78F6}
		{F656C29B-493B-41E6-95AB-6BFA186F2720} = {57E464D5-3DB5-48B7-8BE4-08133119F6C5}
		{EE6E7A59-FF6E-47BD-9343-9107FD898010} = {57E464D5-3DB5-48B7-8BE4-08133119F6C5}
		{8C4F6CF3-E472-4D42-8A58-648AD5A612AB} = {57E464D5-3DB5-48B7-8BE4-08133119F6C5}
		{8FC24658-64AE-490B-8EBB-819EBEABCFCE} = {57E464D5-3DB5-48B7-8BE4-08133119F6C5}
		{058165C0-277F-4E3C-9D98-91C3D027144A} = {AB7D77F4-AA0E-48AE-AB69-528B7FCABFD6}
		{889DB3BC-ECDE-4DBD-A615-D19684922B17} = {4B4B14F0-58EB-4BB0-BB2C-BCA34E75E884}
		{DCE80E9A-B1EF-4415-8607-2C8196926AEB} = {031315B7-28B4-47E4-90B7-B69D9ABA9C5B}
		{311141BF-40C1-4EDA-9DEF-11B7EB14A2E3} = {031315B7-28B4-47E4-90B7-B69D9ABA9C5B}
		{3B0C39B0-C485-498B-B022-771FEFF7A408} = {311141BF-40C1-4EDA-9DEF-11B7EB14A2E3}
		{F13159AA-3292-493B-84FF-F420EA28EB34} = {311141BF-40C1-4EDA-9DEF-11B7EB14A2E3}
		{FA487F5B-D08E-4203-BBDF-86E95B1A2467} = {031315B7-28B4-47E4-90B7-B69D9ABA9C5B}
		{5CE535FD-4944-40B4-A993-8B07B25DF44C} = {031315B7-28B4-47E4-90B7-B69D9ABA9C5B}
		{5DAC8A43-436D-419A-A3CC-437D2C82218D} = {5CE535FD-4944-40B4-A993-8B07B25DF44C}
		{BC0786D0-E156-444C-8E51-2470BAD7BE1D} = {4149A42B-5D5F-4949-9B6A-A34883BB5236}
		{735787E0-8EF6-4126-AE37-54A93A1BB9DF} = {4149A42B-5D5F-4949-9B6A-A34883BB5236}
		{913AA609-C707-4546-80C1-51604CACA1A1} = {58803B0E-A4FC-4A41-B98A-23C6B6EED411}
		{C86278A5-5D4C-4E87-9906-3382AFE097C4} = {A7FBFE0A-6238-4B6F-A23E-D95C571EC4FF}
	EndGlobalSection
	GlobalSection(ExtensibilityGlobals) = postSolution
		SolutionGuid = {8A34A080-23DE-4798-AFB3-DF73EA9FD7B3}
	EndGlobalSection
EndGlobal
